
Microsoft Visual Studio Solution File, Format Version 12.00
# Visual Studio 14
VisualStudioVersion = 14.0.23107.0
MinimumVisualStudioVersion = 10.0.40219.1
Project("{FAE04EC0-301F-11D3-BF4B-00C04F79EFBC}") = "Membership.Site.Web", "Membership.Web\Membership.Site.Web.csproj", "{6D9F8330-DD7E-42FF-B0CD-5AAF5F92ACB4}"
EndProject
Project("{FAE04EC0-301F-11D3-BF4B-00C04F79EFBC}") = "Membership.Data", "Membership.Data\Membership.Data.csproj", "{B0A665EC-A89A-4CCF-A733-2D58AAB5731E}"
EndProject
Project("{FAE04EC0-301F-11D3-BF4B-00C04F79EFBC}") = "Membership.Business", "Membership.Business\Membership.Business.csproj", "{81C2A2D6-7FC6-4AAE-8E00-D4792D72144E}"
EndProject
Project("{FAE04EC0-301F-11D3-BF4B-00C04F79EFBC}") = "Membership.Site", "Membership.Site\Membership.Site.csproj", "{0DA24F93-C928-405F-A700-2F4D8AE10F4C}"
EndProject
Project("{FAE04EC0-301F-11D3-BF4B-00C04F79EFBC}") = "ConsoleApplication1", "ConsoleApplication1\ConsoleApplication1.csproj", "{D2B60024-A96A-4E67-B473-A36CC2BF72D7}"
EndProject
Project("{FAE04EC0-301F-11D3-BF4B-00C04F79EFBC}") = "Test_BusinessLayer", "Test_BusinessLayer\Test_BusinessLayer.csproj", "{04FE0F45-3031-4925-B59A-DB35A7B2EDA6}"
EndProject
Project("{2150E333-8FDC-42A3-9474-1A3956D46DE8}") = "DAL", "DAL", "{0F796FA2-1C59-44E6-98BC-EF84A93C660D}"
EndProject
Project("{2150E333-8FDC-42A3-9474-1A3956D46DE8}") = "Logic", "Logic", "{AB1BA91A-17F6-4E7B-842B-CFCDC7EAC7BE}"
EndProject
Project("{2150E333-8FDC-42A3-9474-1A3956D46DE8}") = "Presentation", "Presentation", "{12BA91D2-4F86-48A6-9D50-D56380508780}"
EndProject
Project("{2150E333-8FDC-42A3-9474-1A3956D46DE8}") = "Test", "Test", "{82EA96BF-6E91-4AA2-99AD-F099127CF82E}"
EndProject
Global
	GlobalSection(SolutionConfigurationPlatforms) = preSolution
		Debug|Any CPU = Debug|Any CPU
		Release|Any CPU = Release|Any CPU
	EndGlobalSection
	GlobalSection(ProjectConfigurationPlatforms) = postSolution
		{6D9F8330-DD7E-42FF-B0CD-5AAF5F92ACB4}.Debug|Any CPU.ActiveCfg = Debug|Any CPU
		{6D9F8330-DD7E-42FF-B0CD-5AAF5F92ACB4}.Debug|Any CPU.Build.0 = Debug|Any CPU
		{6D9F8330-DD7E-42FF-B0CD-5AAF5F92ACB4}.Release|Any CPU.ActiveCfg = Release|Any CPU
		{6D9F8330-DD7E-42FF-B0CD-5AAF5F92ACB4}.Release|Any CPU.Build.0 = Release|Any CPU
		{B0A665EC-A89A-4CCF-A733-2D58AAB5731E}.Debug|Any CPU.ActiveCfg = Debug|Any CPU
		{B0A665EC-A89A-4CCF-A733-2D58AAB5731E}.Debug|Any CPU.Build.0 = Debug|Any CPU
		{B0A665EC-A89A-4CCF-A733-2D58AAB5731E}.Release|Any CPU.ActiveCfg = Release|Any CPU
		{B0A665EC-A89A-4CCF-A733-2D58AAB5731E}.Release|Any CPU.Build.0 = Release|Any CPU
		{81C2A2D6-7FC6-4AAE-8E00-D4792D72144E}.Debug|Any CPU.ActiveCfg = Debug|Any CPU
		{81C2A2D6-7FC6-4AAE-8E00-D4792D72144E}.Debug|Any CPU.Build.0 = Debug|Any CPU
		{81C2A2D6-7FC6-4AAE-8E00-D4792D72144E}.Release|Any CPU.ActiveCfg = Release|Any CPU
		{81C2A2D6-7FC6-4AAE-8E00-D4792D72144E}.Release|Any CPU.Build.0 = Release|Any CPU
		{0DA24F93-C928-405F-A700-2F4D8AE10F4C}.Debug|Any CPU.ActiveCfg = Debug|Any CPU
		{0DA24F93-C928-405F-A700-2F4D8AE10F4C}.Debug|Any CPU.Build.0 = Debug|Any CPU
		{0DA24F93-C928-405F-A700-2F4D8AE10F4C}.Release|Any CPU.ActiveCfg = Release|Any CPU
		{0DA24F93-C928-405F-A700-2F4D8AE10F4C}.Release|Any CPU.Build.0 = Release|Any CPU
		{D2B60024-A96A-4E67-B473-A36CC2BF72D7}.Debug|Any CPU.ActiveCfg = Debug|Any CPU
		{D2B60024-A96A-4E67-B473-A36CC2BF72D7}.Debug|Any CPU.Build.0 = Debug|Any CPU
		{D2B60024-A96A-4E67-B473-A36CC2BF72D7}.Release|Any CPU.ActiveCfg = Release|Any CPU
		{D2B60024-A96A-4E67-B473-A36CC2BF72D7}.Release|Any CPU.Build.0 = Release|Any CPU
		{04FE0F45-3031-4925-B59A-DB35A7B2EDA6}.Debug|Any CPU.ActiveCfg = Debug|Any CPU
		{04FE0F45-3031-4925-B59A-DB35A7B2EDA6}.Debug|Any CPU.Build.0 = Debug|Any CPU
		{04FE0F45-3031-4925-B59A-DB35A7B2EDA6}.Release|Any CPU.ActiveCfg = Release|Any CPU
		{04FE0F45-3031-4925-B59A-DB35A7B2EDA6}.Release|Any CPU.Build.0 = Release|Any CPU
	EndGlobalSection
	GlobalSection(SolutionProperties) = preSolution
		HideSolutionNode = FALSE
	EndGlobalSection
	GlobalSection(NestedProjects) = preSolution
		{6D9F8330-DD7E-42FF-B0CD-5AAF5F92ACB4} = {12BA91D2-4F86-48A6-9D50-D56380508780}
		{B0A665EC-A89A-4CCF-A733-2D58AAB5731E} = {0F796FA2-1C59-44E6-98BC-EF84A93C660D}
		{81C2A2D6-7FC6-4AAE-8E00-D4792D72144E} = {AB1BA91A-17F6-4E7B-842B-CFCDC7EAC7BE}
		{0DA24F93-C928-405F-A700-2F4D8AE10F4C} = {12BA91D2-4F86-48A6-9D50-D56380508780}
		{D2B60024-A96A-4E67-B473-A36CC2BF72D7} = {82EA96BF-6E91-4AA2-99AD-F099127CF82E}
		{04FE0F45-3031-4925-B59A-DB35A7B2EDA6} = {82EA96BF-6E91-4AA2-99AD-F099127CF82E}
	EndGlobalSection
EndGlobal
